{
  "pins" : [
    {
      "identity" : "connectiq-companion-app-sdk-ios",
      "kind" : "remoteSourceControl",
      "location" : "https://github.com/garmin/connectiq-companion-app-sdk-ios",
      "state" : {
        "revision" : "8c5ac2a04b95d07df2c57ceec46a6d97a5605120",
        "version" : "1.5.1"
      }
    }
  ],
  "version" : 2
}
