{
  "originHash" : "8546cec043655f015797511747e9dcac32fc6a266541bb73e85a63ae4956b656",
  "pins" : [
    {
      "identity" : "connectiq-companion-app-sdk-ios",
      "kind" : "remoteSourceControl",
      "location" : "https://github.com/garmin/connectiq-companion-app-sdk-ios",
      "state" : {
        "revision" : "3312f9f50e3103e54c2c9b09b823f40a16e0c6cb",
        "version" : "1.6.0"
      }
    }
  ],
  "version" : 3
}
